{
  "name": "sample-app",
  "version": "1.0.0",
  "lockfileVersion": 3,
  "packages": {
    "": {
      "name": "sample-app",
      "version": "1.0.0"
    },
    "node_modules/plain-crypto-js": {
      "name": "plain-crypto-js",
      "version": "4.2.1"
    },
    "node_modules/axios": {
      "name": "axios",
      "version": "1.14.1"
    }
  }
}
